
Microsoft Visual Studio Solution File, Format Version 12.00
# Visual Studio Version 16
VisualStudioVersion = 16.0.30611.23
MinimumVisualStudioVersion = 10.0.40219.1
Project("{FAE04EC0-301F-11D3-BF4B-00C04F79EFBC}") = "LabWork7", "LabWork7.csproj", "{74942F83-C481-4C15-9407-633F2EE451E4}"
EndProject
Global
	GlobalSection(SolutionConfigurationPlatforms) = preSolution
		Debug|Any CPU = Debug|Any CPU
		Release|Any CPU = Release|Any CPU
	EndGlobalSection
	GlobalSection(ProjectConfigurationPlatforms) = postSolution
		{74942F83-C481-4C15-9407-633F2EE451E4}.Debug|Any CPU.ActiveCfg = Debug|Any CPU
		{74942F83-C481-4C15-9407-633F2EE451E4}.Debug|Any CPU.Build.0 = Debug|Any CPU
		{74942F83-C481-4C15-9407-633F2EE451E4}.Release|Any CPU.ActiveCfg = Release|Any CPU
		{74942F83-C481-4C15-9407-633F2EE451E4}.Release|Any CPU.Build.0 = Release|Any CPU
	EndGlobalSection
	GlobalSection(SolutionProperties) = preSolution
		HideSolutionNode = FALSE
	EndGlobalSection
	GlobalSection(ExtensibilityGlobals) = postSolution
		SolutionGuid = {1E5F7ACA-ED4B-457B-9F8F-47DA5B9AF858}
	EndGlobalSection
EndGlobal
